// !$*UTF8*$!
{
	archiveVersion = 1;
	classes = {
	};
	objectVersion = 56;
	objects = {

/* Begin PBXBuildFile section */
		5304DEE72C246949008400DB /* DeleteService.swift in Sources */ = {isa = PBXBuildFile; fileRef = 5304DEE62C246949008400DB /* DeleteService.swift */; };
		5312BF232C5EFB8F00CA648E /* GoogleService-Info.plist in Resources */ = {isa = PBXBuildFile; fileRef = 5312BF222C5EFB8F00CA648E /* GoogleService-Info.plist */; };
		5325FE152C396F3900DC5A6E /* Array.swift in Sources */ = {isa = PBXBuildFile; fileRef = 5325FE142C396F3900DC5A6E /* Array.swift */; };
		533050D92C1430C10081B60B /* ProfilePostView.swift in Sources */ = {isa = PBXBuildFile; fileRef = 533050D82C1430C10081B60B /* ProfilePostView.swift */; };
		533D40A02BF9E408005C684A /* SignInAppleHelper.swift in Sources */ = {isa = PBXBuildFile; fileRef = 533D409F2BF9E408005C684A /* SignInAppleHelper.swift */; };
		533D40A42BFA01D2005C684A /* HomeView.swift in Sources */ = {isa = PBXBuildFile; fileRef = 533D40A32BFA01D2005C684A /* HomeView.swift */; };
		534261CF2C0E799F0061B9E6 /* LazyView.swift in Sources */ = {isa = PBXBuildFile; fileRef = 534261CE2C0E799F0061B9E6 /* LazyView.swift */; };
		53458E782C19D62D0097643C /* BalloonText.swift in Sources */ = {isa = PBXBuildFile; fileRef = 53458E772C19D62D0097643C /* BalloonText.swift */; };
		5345D9482C0C32DD000287DF /* DataService.swift in Sources */ = {isa = PBXBuildFile; fileRef = 5345D9472C0C32DD000287DF /* DataService.swift */; };
		5345D9522C0C4C41000287DF /* SelectStampCell.swift in Sources */ = {isa = PBXBuildFile; fileRef = 5345D9512C0C4C41000287DF /* SelectStampCell.swift */; };
		5346CAC42BFFF054000829E1 /* ProfileView.swift in Sources */ = {isa = PBXBuildFile; fileRef = 5346CAC32BFFF054000829E1 /* ProfileView.swift */; };
		5346CAC62BFFF52F000829E1 /* ProfileHeaderView.swift in Sources */ = {isa = PBXBuildFile; fileRef = 5346CAC52BFFF52F000829E1 /* ProfileHeaderView.swift */; };
		534A51C82C670C52004AD3E6 /* LoadingState.swift in Sources */ = {isa = PBXBuildFile; fileRef = 534A51C72C670C52004AD3E6 /* LoadingState.swift */; };
		5350B3112C2C356C003BDE7F /* DatabaseHelperField.swift in Sources */ = {isa = PBXBuildFile; fileRef = 5350B3102C2C356C003BDE7F /* DatabaseHelperField.swift */; };
		535315A72BFCDD3D00D5767A /* PostView.swift in Sources */ = {isa = PBXBuildFile; fileRef = 535315A62BFCDD3D00D5767A /* PostView.swift */; };
		535C7F8C2BF8239C00BA33D1 /* AuthenticationView.swift in Sources */ = {isa = PBXBuildFile; fileRef = 535C7F8B2BF8239C00BA33D1 /* AuthenticationView.swift */; };
		535C7F912BF8289700BA33D1 /* GoogleSignIn in Frameworks */ = {isa = PBXBuildFile; productRef = 535C7F902BF8289700BA33D1 /* GoogleSignIn */; };
		535C7F932BF8289700BA33D1 /* GoogleSignInSwift in Frameworks */ = {isa = PBXBuildFile; productRef = 535C7F922BF8289700BA33D1 /* GoogleSignInSwift */; };
		535C7F972BF82C3200BA33D1 /* AuthenticationViewModel.swift in Sources */ = {isa = PBXBuildFile; fileRef = 535C7F962BF82C3200BA33D1 /* AuthenticationViewModel.swift */; };
		535C7F9A2BF82FAE00BA33D1 /* FirebaseAuth in Frameworks */ = {isa = PBXBuildFile; productRef = 535C7F992BF82FAE00BA33D1 /* FirebaseAuth */; };
		5361CF7E2BF7B1E900A35948 /* FirebaseAnalytics in Frameworks */ = {isa = PBXBuildFile; productRef = 5361CF7D2BF7B1E900A35948 /* FirebaseAnalytics */; };
		5361CF802BF7B1E900A35948 /* FirebaseAnalyticsOnDeviceConversion in Frameworks */ = {isa = PBXBuildFile; productRef = 5361CF7F2BF7B1E900A35948 /* FirebaseAnalyticsOnDeviceConversion */; };
		5361CF822BF7B1E900A35948 /* FirebaseAnalyticsSwift in Frameworks */ = {isa = PBXBuildFile; productRef = 5361CF812BF7B1E900A35948 /* FirebaseAnalyticsSwift */; };
		5361CF842BF7B1E900A35948 /* FirebaseAnalyticsWithoutAdIdSupport in Frameworks */ = {isa = PBXBuildFile; productRef = 5361CF832BF7B1E900A35948 /* FirebaseAnalyticsWithoutAdIdSupport */; };
		5361CF862BF7B1E900A35948 /* FirebaseAppCheck in Frameworks */ = {isa = PBXBuildFile; productRef = 5361CF852BF7B1E900A35948 /* FirebaseAppCheck */; };
		5367F1172C00CD5900A119B7 /* EditProfileView.swift in Sources */ = {isa = PBXBuildFile; fileRef = 5367F1162C00CD5900A119B7 /* EditProfileView.swift */; };
		5367F11C2C00E99700A119B7 /* SignInProfileView.swift in Sources */ = {isa = PBXBuildFile; fileRef = 5367F11B2C00E99700A119B7 /* SignInProfileView.swift */; };
		537CB6A52C0AE71C00E3F4F0 /* CurrentUserDefaults.swift in Sources */ = {isa = PBXBuildFile; fileRef = 537CB6A42C0AE71C00E3F4F0 /* CurrentUserDefaults.swift */; };
		538BBFC22C28856D005B6A2A /* Post.swift in Sources */ = {isa = PBXBuildFile; fileRef = 538BBFC12C28856D005B6A2A /* Post.swift */; };
		538BBFC42C28859A005B6A2A /* Comment.swift in Sources */ = {isa = PBXBuildFile; fileRef = 538BBFC32C28859A005B6A2A /* Comment.swift */; };
		538BBFC62C2889D6005B6A2A /* Report.swift in Sources */ = {isa = PBXBuildFile; fileRef = 538BBFC52C2889D6005B6A2A /* Report.swift */; };
		538BBFC82C288C99005B6A2A /* Like.swift in Sources */ = {isa = PBXBuildFile; fileRef = 538BBFC72C288C99005B6A2A /* Like.swift */; };
		539A4BF62C22390C00ECFA92 /* LikedByModel.swift in Sources */ = {isa = PBXBuildFile; fileRef = 539A4BF52C22390C00ECFA92 /* LikedByModel.swift */; };
		539C80272C016DC70000BD44 /* CreatePostView.swift in Sources */ = {isa = PBXBuildFile; fileRef = 539C80262C016DC70000BD44 /* CreatePostView.swift */; };
		539C80292C01B0E40000BD44 /* ImagePicker.swift in Sources */ = {isa = PBXBuildFile; fileRef = 539C80282C01B0E40000BD44 /* ImagePicker.swift */; };
		539C802B2C01CCE70000BD44 /* AuthService.swift in Sources */ = {isa = PBXBuildFile; fileRef = 539C802A2C01CCE70000BD44 /* AuthService.swift */; };
		539C802D2C01CEAD0000BD44 /* FirebaseFirestore in Frameworks */ = {isa = PBXBuildFile; productRef = 539C802C2C01CEAD0000BD44 /* FirebaseFirestore */; };
		539C80312C01D89E0000BD44 /* ImageManager.swift in Sources */ = {isa = PBXBuildFile; fileRef = 539C80302C01D89E0000BD44 /* ImageManager.swift */; };
		539C80332C01E1350000BD44 /* FirebaseStorage in Frameworks */ = {isa = PBXBuildFile; productRef = 539C80322C01E1350000BD44 /* FirebaseStorage */; };
		539DD1182BFE0E1A00D6BCBC /* PostModel.swift in Sources */ = {isa = PBXBuildFile; fileRef = 539DD1172BFE0E1A00D6BCBC /* PostModel.swift */; };
		539DD11A2BFE299900D6BCBC /* PostArrayObject.swift in Sources */ = {isa = PBXBuildFile; fileRef = 539DD1192BFE299900D6BCBC /* PostArrayObject.swift */; };
		539DD11C2BFE2EB300D6BCBC /* CommentModel.swift in Sources */ = {isa = PBXBuildFile; fileRef = 539DD11B2BFE2EB300D6BCBC /* CommentModel.swift */; };
		539DD11F2BFE2F1700D6BCBC /* Extension.swift in Sources */ = {isa = PBXBuildFile; fileRef = 539DD11E2BFE2F1700D6BCBC /* Extension.swift */; };
		539DD1242BFE378400D6BCBC /* CommentsView.swift in Sources */ = {isa = PBXBuildFile; fileRef = 539DD1232BFE378400D6BCBC /* CommentsView.swift */; };
		539DD1272BFE383500D6BCBC /* MessageView.swift in Sources */ = {isa = PBXBuildFile; fileRef = 539DD1262BFE383500D6BCBC /* MessageView.swift */; };
		53A655592BF787D200D915B5 /* PositiveWordsCollectionApp.swift in Sources */ = {isa = PBXBuildFile; fileRef = 53A655582BF787D200D915B5 /* PositiveWordsCollectionApp.swift */; };
		53A6555B2BF787D200D915B5 /* ContentView.swift in Sources */ = {isa = PBXBuildFile; fileRef = 53A6555A2BF787D200D915B5 /* ContentView.swift */; };
		53A6555D2BF787D400D915B5 /* Assets.xcassets in Resources */ = {isa = PBXBuildFile; fileRef = 53A6555C2BF787D400D915B5 /* Assets.xcassets */; };
		53A655602BF787D400D915B5 /* Preview Assets.xcassets in Resources */ = {isa = PBXBuildFile; fileRef = 53A6555F2BF787D400D915B5 /* Preview Assets.xcassets */; };
		53AAEE0C2C35762500B3AA7A /* Launch Screen.storyboard in Resources */ = {isa = PBXBuildFile; fileRef = 53AAEE0B2C35762500B3AA7A /* Launch Screen.storyboard */; };
		53C157C32BF90997003776CB /* SignInGoogleHelper.swift in Sources */ = {isa = PBXBuildFile; fileRef = 53C157C22BF90997003776CB /* SignInGoogleHelper.swift */; };
		53C157C52BF91494003776CB /* SettingsView.swift in Sources */ = {isa = PBXBuildFile; fileRef = 53C157C42BF91494003776CB /* SettingsView.swift */; };
		53C8C23C2C26608500FCE34F /* AppCheckProviderFactory.swift in Sources */ = {isa = PBXBuildFile; fileRef = 53C8C23B2C26608500FCE34F /* AppCheckProviderFactory.swift */; };
		53EE21272BF8FC240067CF40 /* Utilities.swift in Sources */ = {isa = PBXBuildFile; fileRef = 53EE21262BF8FC240067CF40 /* Utilities.swift */; };
		AD1FFC082C533403007926F7 /* InfoPlist.xcstrings in Resources */ = {isa = PBXBuildFile; fileRef = AD1FFC072C533403007926F7 /* InfoPlist.xcstrings */; };
/* End PBXBuildFile section */

/* Begin PBXFileReference section */
		5304DEE62C246949008400DB /* DeleteService.swift */ = {isa = PBXFileReference; lastKnownFileType = sourcecode.swift; path = DeleteService.swift; sourceTree = "<group>"; };
		5312BF222C5EFB8F00CA648E /* GoogleService-Info.plist */ = {isa = PBXFileReference; fileEncoding = 4; lastKnownFileType = text.plist.xml; path = "GoogleService-Info.plist"; sourceTree = "<group>"; };
		5325FE142C396F3900DC5A6E /* Array.swift */ = {isa = PBXFileReference; lastKnownFileType = sourcecode.swift; path = Array.swift; sourceTree = "<group>"; };
		533050D82C1430C10081B60B /* ProfilePostView.swift */ = {isa = PBXFileReference; lastKnownFileType = sourcecode.swift; path = ProfilePostView.swift; sourceTree = "<group>"; };
		533D409F2BF9E408005C684A /* SignInAppleHelper.swift */ = {isa = PBXFileReference; lastKnownFileType = sourcecode.swift; path = SignInAppleHelper.swift; sourceTree = "<group>"; };
		533D40A32BFA01D2005C684A /* HomeView.swift */ = {isa = PBXFileReference; lastKnownFileType = sourcecode.swift; path = HomeView.swift; sourceTree = "<group>"; };
		534261CE2C0E799F0061B9E6 /* LazyView.swift */ = {isa = PBXFileReference; lastKnownFileType = sourcecode.swift; path = LazyView.swift; sourceTree = "<group>"; };
		53458E772C19D62D0097643C /* BalloonText.swift */ = {isa = PBXFileReference; lastKnownFileType = sourcecode.swift; path = BalloonText.swift; sourceTree = "<group>"; };
		5345D9472C0C32DD000287DF /* DataService.swift */ = {isa = PBXFileReference; lastKnownFileType = sourcecode.swift; path = DataService.swift; sourceTree = "<group>"; };
		5345D9512C0C4C41000287DF /* SelectStampCell.swift */ = {isa = PBXFileReference; lastKnownFileType = sourcecode.swift; path = SelectStampCell.swift; sourceTree = "<group>"; };
		5346CAC32BFFF054000829E1 /* ProfileView.swift */ = {isa = PBXFileReference; lastKnownFileType = sourcecode.swift; path = ProfileView.swift; sourceTree = "<group>"; };
		5346CAC52BFFF52F000829E1 /* ProfileHeaderView.swift */ = {isa = PBXFileReference; lastKnownFileType = sourcecode.swift; path = ProfileHeaderView.swift; sourceTree = "<group>"; };
		534A51C72C670C52004AD3E6 /* LoadingState.swift */ = {isa = PBXFileReference; lastKnownFileType = sourcecode.swift; path = LoadingState.swift; sourceTree = "<group>"; };
		5350B3102C2C356C003BDE7F /* DatabaseHelperField.swift */ = {isa = PBXFileReference; lastKnownFileType = sourcecode.swift; path = DatabaseHelperField.swift; sourceTree = "<group>"; };
		535315A62BFCDD3D00D5767A /* PostView.swift */ = {isa = PBXFileReference; lastKnownFileType = sourcecode.swift; path = PostView.swift; sourceTree = "<group>"; };
		535C7F8B2BF8239C00BA33D1 /* AuthenticationView.swift */ = {isa = PBXFileReference; lastKnownFileType = sourcecode.swift; path = AuthenticationView.swift; sourceTree = "<group>"; };
		535C7F942BF8293000BA33D1 /* Info.plist */ = {isa = PBXFileReference; lastKnownFileType = text.plist.xml; path = Info.plist; sourceTree = "<group>"; };
		535C7F962BF82C3200BA33D1 /* AuthenticationViewModel.swift */ = {isa = PBXFileReference; lastKnownFileType = sourcecode.swift; path = AuthenticationViewModel.swift; sourceTree = "<group>"; };
		5367F1162C00CD5900A119B7 /* EditProfileView.swift */ = {isa = PBXFileReference; lastKnownFileType = sourcecode.swift; path = EditProfileView.swift; sourceTree = "<group>"; };
		5367F11B2C00E99700A119B7 /* SignInProfileView.swift */ = {isa = PBXFileReference; lastKnownFileType = sourcecode.swift; path = SignInProfileView.swift; sourceTree = "<group>"; };
		537CB6A42C0AE71C00E3F4F0 /* CurrentUserDefaults.swift */ = {isa = PBXFileReference; lastKnownFileType = sourcecode.swift; path = CurrentUserDefaults.swift; sourceTree = "<group>"; };
		538BBFC12C28856D005B6A2A /* Post.swift */ = {isa = PBXFileReference; lastKnownFileType = sourcecode.swift; path = Post.swift; sourceTree = "<group>"; };
		538BBFC32C28859A005B6A2A /* Comment.swift */ = {isa = PBXFileReference; lastKnownFileType = sourcecode.swift; path = Comment.swift; sourceTree = "<group>"; };
		538BBFC52C2889D6005B6A2A /* Report.swift */ = {isa = PBXFileReference; lastKnownFileType = sourcecode.swift; path = Report.swift; sourceTree = "<group>"; };
		538BBFC72C288C99005B6A2A /* Like.swift */ = {isa = PBXFileReference; lastKnownFileType = sourcecode.swift; path = Like.swift; sourceTree = "<group>"; };
		539A4BF52C22390C00ECFA92 /* LikedByModel.swift */ = {isa = PBXFileReference; lastKnownFileType = sourcecode.swift; path = LikedByModel.swift; sourceTree = "<group>"; };
		539C80262C016DC70000BD44 /* CreatePostView.swift */ = {isa = PBXFileReference; lastKnownFileType = sourcecode.swift; path = CreatePostView.swift; sourceTree = "<group>"; };
		539C80282C01B0E40000BD44 /* ImagePicker.swift */ = {isa = PBXFileReference; lastKnownFileType = sourcecode.swift; path = ImagePicker.swift; sourceTree = "<group>"; };
		539C802A2C01CCE70000BD44 /* AuthService.swift */ = {isa = PBXFileReference; lastKnownFileType = sourcecode.swift; path = AuthService.swift; sourceTree = "<group>"; };
		539C80302C01D89E0000BD44 /* ImageManager.swift */ = {isa = PBXFileReference; lastKnownFileType = sourcecode.swift; path = ImageManager.swift; sourceTree = "<group>"; };
		539DD1172BFE0E1A00D6BCBC /* PostModel.swift */ = {isa = PBXFileReference; lastKnownFileType = sourcecode.swift; path = PostModel.swift; sourceTree = "<group>"; };
		539DD1192BFE299900D6BCBC /* PostArrayObject.swift */ = {isa = PBXFileReference; lastKnownFileType = sourcecode.swift; path = PostArrayObject.swift; sourceTree = "<group>"; };
		539DD11B2BFE2EB300D6BCBC /* CommentModel.swift */ = {isa = PBXFileReference; lastKnownFileType = sourcecode.swift; path = CommentModel.swift; sourceTree = "<group>"; };
		539DD11E2BFE2F1700D6BCBC /* Extension.swift */ = {isa = PBXFileReference; lastKnownFileType = sourcecode.swift; path = Extension.swift; sourceTree = "<group>"; };
		539DD1232BFE378400D6BCBC /* CommentsView.swift */ = {isa = PBXFileReference; lastKnownFileType = sourcecode.swift; path = CommentsView.swift; sourceTree = "<group>"; };
		539DD1262BFE383500D6BCBC /* MessageView.swift */ = {isa = PBXFileReference; lastKnownFileType = sourcecode.swift; path = MessageView.swift; sourceTree = "<group>"; };
		53A655552BF787D200D915B5 /* PositiveWordsCollection.app */ = {isa = PBXFileReference; explicitFileType = wrapper.application; includeInIndex = 0; path = PositiveWordsCollection.app; sourceTree = BUILT_PRODUCTS_DIR; };
		53A655582BF787D200D915B5 /* PositiveWordsCollectionApp.swift */ = {isa = PBXFileReference; lastKnownFileType = sourcecode.swift; path = PositiveWordsCollectionApp.swift; sourceTree = "<group>"; };
		53A6555A2BF787D200D915B5 /* ContentView.swift */ = {isa = PBXFileReference; lastKnownFileType = sourcecode.swift; path = ContentView.swift; sourceTree = "<group>"; };
		53A6555C2BF787D400D915B5 /* Assets.xcassets */ = {isa = PBXFileReference; lastKnownFileType = folder.assetcatalog; path = Assets.xcassets; sourceTree = "<group>"; };
		53A6555F2BF787D400D915B5 /* Preview Assets.xcassets */ = {isa = PBXFileReference; lastKnownFileType = folder.assetcatalog; path = "Preview Assets.xcassets"; sourceTree = "<group>"; };
		53AAEE0B2C35762500B3AA7A /* Launch Screen.storyboard */ = {isa = PBXFileReference; lastKnownFileType = file.storyboard; path = "Launch Screen.storyboard"; sourceTree = "<group>"; };
		53C0E0332BF994B9008CE2AF /* PositiveWordsCollection.entitlements */ = {isa = PBXFileReference; lastKnownFileType = text.plist.entitlements; path = PositiveWordsCollection.entitlements; sourceTree = "<group>"; };
		53C157C22BF90997003776CB /* SignInGoogleHelper.swift */ = {isa = PBXFileReference; lastKnownFileType = sourcecode.swift; path = SignInGoogleHelper.swift; sourceTree = "<group>"; };
		53C157C42BF91494003776CB /* SettingsView.swift */ = {isa = PBXFileReference; lastKnownFileType = sourcecode.swift; path = SettingsView.swift; sourceTree = "<group>"; };
		53C8C23B2C26608500FCE34F /* AppCheckProviderFactory.swift */ = {isa = PBXFileReference; lastKnownFileType = sourcecode.swift; path = AppCheckProviderFactory.swift; sourceTree = "<group>"; };
		53EE21262BF8FC240067CF40 /* Utilities.swift */ = {isa = PBXFileReference; lastKnownFileType = sourcecode.swift; path = Utilities.swift; sourceTree = "<group>"; };
		AD1FFC072C533403007926F7 /* InfoPlist.xcstrings */ = {isa = PBXFileReference; lastKnownFileType = text.json.xcstrings; path = InfoPlist.xcstrings; sourceTree = "<group>"; };
/* End PBXFileReference section */

/* Begin PBXFrameworksBuildPhase section */
		53A655522BF787D200D915B5 /* Frameworks */ = {
			isa = PBXFrameworksBuildPhase;
			buildActionMask = 2147483647;
			files = (
				5361CF822BF7B1E900A35948 /* FirebaseAnalyticsSwift in Frameworks */,
				5361CF7E2BF7B1E900A35948 /* FirebaseAnalytics in Frameworks */,
				535C7F932BF8289700BA33D1 /* GoogleSignInSwift in Frameworks */,
				539C80332C01E1350000BD44 /* FirebaseStorage in Frameworks */,
				5361CF802BF7B1E900A35948 /* FirebaseAnalyticsOnDeviceConversion in Frameworks */,
				5361CF862BF7B1E900A35948 /* FirebaseAppCheck in Frameworks */,
				539C802D2C01CEAD0000BD44 /* FirebaseFirestore in Frameworks */,
				5361CF842BF7B1E900A35948 /* FirebaseAnalyticsWithoutAdIdSupport in Frameworks */,
				535C7F912BF8289700BA33D1 /* GoogleSignIn in Frameworks */,
				535C7F9A2BF82FAE00BA33D1 /* FirebaseAuth in Frameworks */,
			);
			runOnlyForDeploymentPostprocessing = 0;
		};
/* End PBXFrameworksBuildPhase section */

/* Begin PBXGroup section */
		5341E8AB2BF8CC740001D709 /* View */ = {
			isa = PBXGroup;
			children = (
				53A6555A2BF787D200D915B5 /* ContentView.swift */,
				5367F1182C00E71B00A119B7 /* SignInView */,
				539DD1252BFE37C000D6BCBC /* Home */,
				5346CAC22BFFF004000829E1 /* Profile */,
				53C157C42BF91494003776CB /* SettingsView.swift */,
				539C80282C01B0E40000BD44 /* ImagePicker.swift */,
			);
			path = View;
			sourceTree = "<group>";
		};
		5346CAC22BFFF004000829E1 /* Profile */ = {
			isa = PBXGroup;
			children = (
				5346CAC32BFFF054000829E1 /* ProfileView.swift */,
				533050D82C1430C10081B60B /* ProfilePostView.swift */,
				5346CAC52BFFF52F000829E1 /* ProfileHeaderView.swift */,
				5367F1162C00CD5900A119B7 /* EditProfileView.swift */,
			);
			path = Profile;
			sourceTree = "<group>";
		};
		535C7F952BF82BFE00BA33D1 /* ViewModel */ = {
			isa = PBXGroup;
			children = (
				535C7F962BF82C3200BA33D1 /* AuthenticationViewModel.swift */,
			);
			path = ViewModel;
			sourceTree = "<group>";
		};
		535C7F982BF82FAE00BA33D1 /* Frameworks */ = {
			isa = PBXGroup;
			children = (
			);
			name = Frameworks;
			sourceTree = "<group>";
		};
		535C7F9B2BF8341200BA33D1 /* Model */ = {
			isa = PBXGroup;
			children = (
				539C80302C01D89E0000BD44 /* ImageManager.swift */,
				53C157C22BF90997003776CB /* SignInGoogleHelper.swift */,
				533D409F2BF9E408005C684A /* SignInAppleHelper.swift */,
				539DD1172BFE0E1A00D6BCBC /* PostModel.swift */,
				539DD11B2BFE2EB300D6BCBC /* CommentModel.swift */,
				539A4BF52C22390C00ECFA92 /* LikedByModel.swift */,
				538BBFC12C28856D005B6A2A /* Post.swift */,
				538BBFC32C28859A005B6A2A /* Comment.swift */,
				538BBFC52C2889D6005B6A2A /* Report.swift */,
				538BBFC72C288C99005B6A2A /* Like.swift */,
				539DD1192BFE299900D6BCBC /* PostArrayObject.swift */,
			);
			path = Model;
			sourceTree = "<group>";
		};
		5367F1182C00E71B00A119B7 /* SignInView */ = {
			isa = PBXGroup;
			children = (
				535C7F8B2BF8239C00BA33D1 /* AuthenticationView.swift */,
				5367F11B2C00E99700A119B7 /* SignInProfileView.swift */,
			);
			name = SignInView;
			sourceTree = "<group>";
		};
		537CB6A32C0ADE4300E3F4F0 /* Firebase */ = {
			isa = PBXGroup;
			children = (
				539C802A2C01CCE70000BD44 /* AuthService.swift */,
				5345D9472C0C32DD000287DF /* DataService.swift */,
				5304DEE62C246949008400DB /* DeleteService.swift */,
			);
			path = Firebase;
			sourceTree = "<group>";
		};
		539DD11D2BFE2EFA00D6BCBC /* Helper */ = {
			isa = PBXGroup;
			children = (
				539DD11E2BFE2F1700D6BCBC /* Extension.swift */,
				537CB6A42C0AE71C00E3F4F0 /* CurrentUserDefaults.swift */,
				5350B3102C2C356C003BDE7F /* DatabaseHelperField.swift */,
				534261CE2C0E799F0061B9E6 /* LazyView.swift */,
				5325FE142C396F3900DC5A6E /* Array.swift */,
			);
			path = Helper;
			sourceTree = "<group>";
		};
		539DD1252BFE37C000D6BCBC /* Home */ = {
			isa = PBXGroup;
			children = (
				533D40A32BFA01D2005C684A /* HomeView.swift */,
				535315A62BFCDD3D00D5767A /* PostView.swift */,
				539DD1262BFE383500D6BCBC /* MessageView.swift */,
				539C80262C016DC70000BD44 /* CreatePostView.swift */,
				5345D9512C0C4C41000287DF /* SelectStampCell.swift */,
				539DD1232BFE378400D6BCBC /* CommentsView.swift */,
				53458E772C19D62D0097643C /* BalloonText.swift */,
			);
			path = Home;
			sourceTree = "<group>";
		};
		53A6554C2BF787D200D915B5 = {
			isa = PBXGroup;
			children = (
				53A655572BF787D200D915B5 /* PositiveWordsCollection */,
				53A655562BF787D200D915B5 /* Products */,
				535C7F982BF82FAE00BA33D1 /* Frameworks */,
			);
			sourceTree = "<group>";
		};
		53A655562BF787D200D915B5 /* Products */ = {
			isa = PBXGroup;
			children = (
				53A655552BF787D200D915B5 /* PositiveWordsCollection.app */,
			);
			name = Products;
			sourceTree = "<group>";
		};
		53A655572BF787D200D915B5 /* PositiveWordsCollection */ = {
			isa = PBXGroup;
			children = (
				53C0E0332BF994B9008CE2AF /* PositiveWordsCollection.entitlements */,
				53A655582BF787D200D915B5 /* PositiveWordsCollectionApp.swift */,
				53C8C23B2C26608500FCE34F /* AppCheckProviderFactory.swift */,
				539DD11D2BFE2EFA00D6BCBC /* Helper */,
				53EE21252BF8FC020067CF40 /* Utilities */,
				537CB6A32C0ADE4300E3F4F0 /* Firebase */,
				535C7F9B2BF8341200BA33D1 /* Model */,
				535C7F952BF82BFE00BA33D1 /* ViewModel */,
				5341E8AB2BF8CC740001D709 /* View */,
				53A6555C2BF787D400D915B5 /* Assets.xcassets */,
				53A6555E2BF787D400D915B5 /* Preview Content */,
				535C7F942BF8293000BA33D1 /* Info.plist */,
				AD1FFC072C533403007926F7 /* InfoPlist.xcstrings */,
				5312BF222C5EFB8F00CA648E /* GoogleService-Info.plist */,
				53AAEE0B2C35762500B3AA7A /* Launch Screen.storyboard */,
			);
			path = PositiveWordsCollection;
			sourceTree = "<group>";
		};
		53A6555E2BF787D400D915B5 /* Preview Content */ = {
			isa = PBXGroup;
			children = (
				53A6555F2BF787D400D915B5 /* Preview Assets.xcassets */,
			);
			path = "Preview Content";
			sourceTree = "<group>";
		};
		53EE21252BF8FC020067CF40 /* Utilities */ = {
			isa = PBXGroup;
			children = (
				53EE21262BF8FC240067CF40 /* Utilities.swift */,
				534A51C72C670C52004AD3E6 /* LoadingState.swift */,
			);
			path = Utilities;
			sourceTree = "<group>";
		};
/* End PBXGroup section */

/* Begin PBXNativeTarget section */
		53A655542BF787D200D915B5 /* PositiveWordsCollection */ = {
			isa = PBXNativeTarget;
			buildConfigurationList = 53A655632BF787D400D915B5 /* Build configuration list for PBXNativeTarget "PositiveWordsCollection" */;
			buildPhases = (
				53A655512BF787D200D915B5 /* Sources */,
				53A655522BF787D200D915B5 /* Frameworks */,
				53A655532BF787D200D915B5 /* Resources */,
				53F6C8B02BF7C02900379A6E /* ShellScript */,
			);
			buildRules = (
			);
			dependencies = (
			);
			name = PositiveWordsCollection;
			packageProductDependencies = (
				5361CF7D2BF7B1E900A35948 /* FirebaseAnalytics */,
				5361CF7F2BF7B1E900A35948 /* FirebaseAnalyticsOnDeviceConversion */,
				5361CF812BF7B1E900A35948 /* FirebaseAnalyticsSwift */,
				5361CF832BF7B1E900A35948 /* FirebaseAnalyticsWithoutAdIdSupport */,
				5361CF852BF7B1E900A35948 /* FirebaseAppCheck */,
				535C7F902BF8289700BA33D1 /* GoogleSignIn */,
				535C7F922BF8289700BA33D1 /* GoogleSignInSwift */,
				535C7F992BF82FAE00BA33D1 /* FirebaseAuth */,
				539C802C2C01CEAD0000BD44 /* FirebaseFirestore */,
				539C80322C01E1350000BD44 /* FirebaseStorage */,
			);
			productName = PositiveWordsCollection;
			productReference = 53A655552BF787D200D915B5 /* PositiveWordsCollection.app */;
			productType = "com.apple.product-type.application";
		};
/* End PBXNativeTarget section */

/* Begin PBXProject section */
		53A6554D2BF787D200D915B5 /* Project object */ = {
			isa = PBXProject;
			attributes = {
				BuildIndependentTargetsInParallel = 1;
				LastSwiftUpdateCheck = 1540;
				LastUpgradeCheck = 1540;
				TargetAttributes = {
					53A655542BF787D200D915B5 = {
						CreatedOnToolsVersion = 15.4;
					};
				};
			};
			buildConfigurationList = 53A655502BF787D200D915B5 /* Build configuration list for PBXProject "PositiveWordsCollection" */;
			compatibilityVersion = "Xcode 14.0";
			developmentRegion = en;
			hasScannedForEncodings = 0;
			knownRegions = (
				en,
				Base,
				ja,
			);
			mainGroup = 53A6554C2BF787D200D915B5;
			packageReferences = (
				5361CF7C2BF7B1E900A35948 /* XCRemoteSwiftPackageReference "firebase-ios-sdk" */,
				535C7F8F2BF8289700BA33D1 /* XCRemoteSwiftPackageReference "GoogleSignIn-iOS" */,
			);
			productRefGroup = 53A655562BF787D200D915B5 /* Products */;
			projectDirPath = "";
			projectRoot = "";
			targets = (
				53A655542BF787D200D915B5 /* PositiveWordsCollection */,
			);
		};
/* End PBXProject section */

/* Begin PBXResourcesBuildPhase section */
		53A655532BF787D200D915B5 /* Resources */ = {
			isa = PBXResourcesBuildPhase;
			buildActionMask = 2147483647;
			files = (
				53A655602BF787D400D915B5 /* Preview Assets.xcassets in Resources */,
				5312BF232C5EFB8F00CA648E /* GoogleService-Info.plist in Resources */,
				AD1FFC082C533403007926F7 /* InfoPlist.xcstrings in Resources */,
				53AAEE0C2C35762500B3AA7A /* Launch Screen.storyboard in Resources */,
				53A6555D2BF787D400D915B5 /* Assets.xcassets in Resources */,
			);
			runOnlyForDeploymentPostprocessing = 0;
		};
/* End PBXResourcesBuildPhase section */

/* Begin PBXShellScriptBuildPhase section */
		53F6C8B02BF7C02900379A6E /* ShellScript */ = {
			isa = PBXShellScriptBuildPhase;
			alwaysOutOfDate = 1;
			buildActionMask = 2147483647;
			files = (
			);
			inputFileListPaths = (
			);
			inputPaths = (
			);
			outputFileListPaths = (
			);
			outputPaths = (
			);
			runOnlyForDeploymentPostprocessing = 0;
			shellPath = /bin/sh;
			shellScript = "if test -d /opt/homebrew/bin; then\n    PATH=/opt/homebrew/bin/:$PATH\nfi\n\nif which swiftlint >/dev/null; then\n    swiftlint\nelse\n    echo \"warning: SwiftLint not installed, download from https://github.com/realm/SwiftLint\"\nfi\n";
		};
/* End PBXShellScriptBuildPhase section */

/* Begin PBXSourcesBuildPhase section */
		53A655512BF787D200D915B5 /* Sources */ = {
			isa = PBXSourcesBuildPhase;
			buildActionMask = 2147483647;
			files = (
				5367F1172C00CD5900A119B7 /* EditProfileView.swift in Sources */,
				53C157C32BF90997003776CB /* SignInGoogleHelper.swift in Sources */,
				535C7F972BF82C3200BA33D1 /* AuthenticationViewModel.swift in Sources */,
				537CB6A52C0AE71C00E3F4F0 /* CurrentUserDefaults.swift in Sources */,
				539C80312C01D89E0000BD44 /* ImageManager.swift in Sources */,
				539DD1242BFE378400D6BCBC /* CommentsView.swift in Sources */,
				538BBFC82C288C99005B6A2A /* Like.swift in Sources */,
				538BBFC42C28859A005B6A2A /* Comment.swift in Sources */,
				53A6555B2BF787D200D915B5 /* ContentView.swift in Sources */,
				5325FE152C396F3900DC5A6E /* Array.swift in Sources */,
				5350B3112C2C356C003BDE7F /* DatabaseHelperField.swift in Sources */,
				53C157C52BF91494003776CB /* SettingsView.swift in Sources */,
				534A51C82C670C52004AD3E6 /* LoadingState.swift in Sources */,
				5345D9482C0C32DD000287DF /* DataService.swift in Sources */,
				5367F11C2C00E99700A119B7 /* SignInProfileView.swift in Sources */,
				53C8C23C2C26608500FCE34F /* AppCheckProviderFactory.swift in Sources */,
				539C802B2C01CCE70000BD44 /* AuthService.swift in Sources */,
				539DD11A2BFE299900D6BCBC /* PostArrayObject.swift in Sources */,
				5346CAC62BFFF52F000829E1 /* ProfileHeaderView.swift in Sources */,
				534261CF2C0E799F0061B9E6 /* LazyView.swift in Sources */,
				533D40A42BFA01D2005C684A /* HomeView.swift in Sources */,
				533050D92C1430C10081B60B /* ProfilePostView.swift in Sources */,
				538BBFC22C28856D005B6A2A /* Post.swift in Sources */,
				539DD11F2BFE2F1700D6BCBC /* Extension.swift in Sources */,
				53458E782C19D62D0097643C /* BalloonText.swift in Sources */,
				538BBFC62C2889D6005B6A2A /* Report.swift in Sources */,
				5304DEE72C246949008400DB /* DeleteService.swift in Sources */,
				539DD11C2BFE2EB300D6BCBC /* CommentModel.swift in Sources */,
				5345D9522C0C4C41000287DF /* SelectStampCell.swift in Sources */,
				535C7F8C2BF8239C00BA33D1 /* AuthenticationView.swift in Sources */,
				53A655592BF787D200D915B5 /* PositiveWordsCollectionApp.swift in Sources */,
				539C80272C016DC70000BD44 /* CreatePostView.swift in Sources */,
				539DD1272BFE383500D6BCBC /* MessageView.swift in Sources */,
				53EE21272BF8FC240067CF40 /* Utilities.swift in Sources */,
				539A4BF62C22390C00ECFA92 /* LikedByModel.swift in Sources */,
				539DD1182BFE0E1A00D6BCBC /* PostModel.swift in Sources */,
				533D40A02BF9E408005C684A /* SignInAppleHelper.swift in Sources */,
				5346CAC42BFFF054000829E1 /* ProfileView.swift in Sources */,
				539C80292C01B0E40000BD44 /* ImagePicker.swift in Sources */,
				535315A72BFCDD3D00D5767A /* PostView.swift in Sources */,
			);
			runOnlyForDeploymentPostprocessing = 0;
		};
/* End PBXSourcesBuildPhase section */

/* Begin XCBuildConfiguration section */
		53A655612BF787D400D915B5 /* Debug */ = {
			isa = XCBuildConfiguration;
			buildSettings = {
				ALWAYS_SEARCH_USER_PATHS = NO;
				ASSETCATALOG_COMPILER_GENERATE_SWIFT_ASSET_SYMBOL_EXTENSIONS = YES;
				CLANG_ANALYZER_NONNULL = YES;
				CLANG_ANALYZER_NUMBER_OBJECT_CONVERSION = YES_AGGRESSIVE;
				CLANG_CXX_LANGUAGE_STANDARD = "gnu++20";
				CLANG_ENABLE_MODULES = YES;
				CLANG_ENABLE_OBJC_ARC = YES;
				CLANG_ENABLE_OBJC_WEAK = YES;
				CLANG_WARN_BLOCK_CAPTURE_AUTORELEASING = YES;
				CLANG_WARN_BOOL_CONVERSION = YES;
				CLANG_WARN_COMMA = YES;
				CLANG_WARN_CONSTANT_CONVERSION = YES;
				CLANG_WARN_DEPRECATED_OBJC_IMPLEMENTATIONS = YES;
				CLANG_WARN_DIRECT_OBJC_ISA_USAGE = YES_ERROR;
				CLANG_WARN_DOCUMENTATION_COMMENTS = YES;
				CLANG_WARN_EMPTY_BODY = YES;
				CLANG_WARN_ENUM_CONVERSION = YES;
				CLANG_WARN_INFINITE_RECURSION = YES;
				CLANG_WARN_INT_CONVERSION = YES;
				CLANG_WARN_NON_LITERAL_NULL_CONVERSION = YES;
				CLANG_WARN_OBJC_IMPLICIT_RETAIN_SELF = YES;
				CLANG_WARN_OBJC_LITERAL_CONVERSION = YES;
				CLANG_WARN_OBJC_ROOT_CLASS = YES_ERROR;
				CLANG_WARN_QUOTED_INCLUDE_IN_FRAMEWORK_HEADER = YES;
				CLANG_WARN_RANGE_LOOP_ANALYSIS = YES;
				CLANG_WARN_STRICT_PROTOTYPES = YES;
				CLANG_WARN_SUSPICIOUS_MOVE = YES;
				CLANG_WARN_UNGUARDED_AVAILABILITY = YES_AGGRESSIVE;
				CLANG_WARN_UNREACHABLE_CODE = YES;
				CLANG_WARN__DUPLICATE_METHOD_MATCH = YES;
				COPY_PHASE_STRIP = NO;
				DEBUG_INFORMATION_FORMAT = dwarf;
				ENABLE_STRICT_OBJC_MSGSEND = YES;
				ENABLE_TESTABILITY = YES;
				ENABLE_USER_SCRIPT_SANDBOXING = YES;
				GCC_C_LANGUAGE_STANDARD = gnu17;
				GCC_DYNAMIC_NO_PIC = NO;
				GCC_NO_COMMON_BLOCKS = YES;
				GCC_OPTIMIZATION_LEVEL = 0;
				GCC_PREPROCESSOR_DEFINITIONS = (
					"DEBUG=1",
					"$(inherited)",
				);
				GCC_WARN_64_TO_32_BIT_CONVERSION = YES;
				GCC_WARN_ABOUT_RETURN_TYPE = YES_ERROR;
				GCC_WARN_UNDECLARED_SELECTOR = YES;
				GCC_WARN_UNINITIALIZED_AUTOS = YES_AGGRESSIVE;
				GCC_WARN_UNUSED_FUNCTION = YES;
				GCC_WARN_UNUSED_VARIABLE = YES;
				IPHONEOS_DEPLOYMENT_TARGET = 17.0;
				LOCALIZATION_PREFERS_STRING_CATALOGS = YES;
				MTL_ENABLE_DEBUG_INFO = INCLUDE_SOURCE;
				MTL_FAST_MATH = YES;
				ONLY_ACTIVE_ARCH = YES;
				SDKROOT = iphoneos;
				SWIFT_ACTIVE_COMPILATION_CONDITIONS = "DEBUG $(inherited)";
				SWIFT_OPTIMIZATION_LEVEL = "-Onone";
			};
			name = Debug;
		};
		53A655622BF787D400D915B5 /* Release */ = {
			isa = XCBuildConfiguration;
			buildSettings = {
				ALWAYS_SEARCH_USER_PATHS = NO;
				ASSETCATALOG_COMPILER_GENERATE_SWIFT_ASSET_SYMBOL_EXTENSIONS = YES;
				CLANG_ANALYZER_NONNULL = YES;
				CLANG_ANALYZER_NUMBER_OBJECT_CONVERSION = YES_AGGRESSIVE;
				CLANG_CXX_LANGUAGE_STANDARD = "gnu++20";
				CLANG_ENABLE_MODULES = YES;
				CLANG_ENABLE_OBJC_ARC = YES;
				CLANG_ENABLE_OBJC_WEAK = YES;
				CLANG_WARN_BLOCK_CAPTURE_AUTORELEASING = YES;
				CLANG_WARN_BOOL_CONVERSION = YES;
				CLANG_WARN_COMMA = YES;
				CLANG_WARN_CONSTANT_CONVERSION = YES;
				CLANG_WARN_DEPRECATED_OBJC_IMPLEMENTATIONS = YES;
				CLANG_WARN_DIRECT_OBJC_ISA_USAGE = YES_ERROR;
				CLANG_WARN_DOCUMENTATION_COMMENTS = YES;
				CLANG_WARN_EMPTY_BODY = YES;
				CLANG_WARN_ENUM_CONVERSION = YES;
				CLANG_WARN_INFINITE_RECURSION = YES;
				CLANG_WARN_INT_CONVERSION = YES;
				CLANG_WARN_NON_LITERAL_NULL_CONVERSION = YES;
				CLANG_WARN_OBJC_IMPLICIT_RETAIN_SELF = YES;
				CLANG_WARN_OBJC_LITERAL_CONVERSION = YES;
				CLANG_WARN_OBJC_ROOT_CLASS = YES_ERROR;
				CLANG_WARN_QUOTED_INCLUDE_IN_FRAMEWORK_HEADER = YES;
				CLANG_WARN_RANGE_LOOP_ANALYSIS = YES;
				CLANG_WARN_STRICT_PROTOTYPES = YES;
				CLANG_WARN_SUSPICIOUS_MOVE = YES;
				CLANG_WARN_UNGUARDED_AVAILABILITY = YES_AGGRESSIVE;
				CLANG_WARN_UNREACHABLE_CODE = YES;
				CLANG_WARN__DUPLICATE_METHOD_MATCH = YES;
				COPY_PHASE_STRIP = NO;
				DEBUG_INFORMATION_FORMAT = "dwarf-with-dsym";
				ENABLE_NS_ASSERTIONS = NO;
				ENABLE_STRICT_OBJC_MSGSEND = YES;
				ENABLE_USER_SCRIPT_SANDBOXING = YES;
				GCC_C_LANGUAGE_STANDARD = gnu17;
				GCC_NO_COMMON_BLOCKS = YES;
				GCC_WARN_64_TO_32_BIT_CONVERSION = YES;
				GCC_WARN_ABOUT_RETURN_TYPE = YES_ERROR;
				GCC_WARN_UNDECLARED_SELECTOR = YES;
				GCC_WARN_UNINITIALIZED_AUTOS = YES_AGGRESSIVE;
				GCC_WARN_UNUSED_FUNCTION = YES;
				GCC_WARN_UNUSED_VARIABLE = YES;
				IPHONEOS_DEPLOYMENT_TARGET = 17.0;
				LOCALIZATION_PREFERS_STRING_CATALOGS = YES;
				MTL_ENABLE_DEBUG_INFO = NO;
				MTL_FAST_MATH = YES;
				SDKROOT = iphoneos;
				SWIFT_COMPILATION_MODE = wholemodule;
				VALIDATE_PRODUCT = YES;
			};
			name = Release;
		};
		53A655642BF787D400D915B5 /* Debug */ = {
			isa = XCBuildConfiguration;
			buildSettings = {
				ASSETCATALOG_COMPILER_APPICON_NAME = AppIcon;
				ASSETCATALOG_COMPILER_GLOBAL_ACCENT_COLOR_NAME = AccentColor;
				CODE_SIGN_ENTITLEMENTS = PositiveWordsCollection/PositiveWordsCollection.entitlements;
				CODE_SIGN_STYLE = Automatic;
				CURRENT_PROJECT_VERSION = 1;
				DEVELOPMENT_ASSET_PATHS = "\"PositiveWordsCollection/Preview Content\"";
				DEVELOPMENT_TEAM = R5LVVTG62Z;
				ENABLE_PREVIEWS = YES;
				ENABLE_USER_SCRIPT_SANDBOXING = NO;
				GENERATE_INFOPLIST_FILE = YES;
				INFOPLIST_FILE = PositiveWordsCollection/Info.plist;
				INFOPLIST_KEY_UIApplicationSceneManifest_Generation = YES;
				INFOPLIST_KEY_UIApplicationSupportsIndirectInputEvents = YES;
				INFOPLIST_KEY_UILaunchScreen_Generation = YES;
				INFOPLIST_KEY_UILaunchStoryboardName = "Launch Screen.storyboard";
				INFOPLIST_KEY_UISupportedInterfaceOrientations_iPad = "UIInterfaceOrientationPortrait UIInterfaceOrientationPortraitUpsideDown UIInterfaceOrientationLandscapeLeft UIInterfaceOrientationLandscapeRight";
				INFOPLIST_KEY_UISupportedInterfaceOrientations_iPhone = "UIInterfaceOrientationPortrait UIInterfaceOrientationLandscapeLeft UIInterfaceOrientationLandscapeRight";
				IPHONEOS_DEPLOYMENT_TARGET = 17.0;
				LD_RUNPATH_SEARCH_PATHS = (
					"$(inherited)",
					"@executable_path/Frameworks",
				);
				MARKETING_VERSION = 1.0;
				PRODUCT_BUNDLE_IDENTIFIER = com.hinaf0224.PositiveWordsCollection;
				PRODUCT_NAME = "$(TARGET_NAME)";
				SUPPORTED_PLATFORMS = "iphoneos iphonesimulator";
				SUPPORTS_MACCATALYST = NO;
				SUPPORTS_MAC_DESIGNED_FOR_IPHONE_IPAD = NO;
				SUPPORTS_XR_DESIGNED_FOR_IPHONE_IPAD = NO;
				SWIFT_EMIT_LOC_STRINGS = YES;
				SWIFT_VERSION = 5.0;
				TARGETED_DEVICE_FAMILY = 1;
			};
			name = Debug;
		};
		53A655652BF787D400D915B5 /* Release */ = {
			isa = XCBuildConfiguration;
			buildSettings = {
				ASSETCATALOG_COMPILER_APPICON_NAME = AppIcon;
				ASSETCATALOG_COMPILER_GLOBAL_ACCENT_COLOR_NAME = AccentColor;
				CODE_SIGN_ENTITLEMENTS = PositiveWordsCollection/PositiveWordsCollection.entitlements;
				CODE_SIGN_STYLE = Automatic;
				CURRENT_PROJECT_VERSION = 1;
				DEVELOPMENT_ASSET_PATHS = "\"PositiveWordsCollection/Preview Content\"";
				DEVELOPMENT_TEAM = R5LVVTG62Z;
				ENABLE_PREVIEWS = YES;
				ENABLE_USER_SCRIPT_SANDBOXING = NO;
				GENERATE_INFOPLIST_FILE = YES;
				INFOPLIST_FILE = PositiveWordsCollection/Info.plist;
				INFOPLIST_KEY_UIApplicationSceneManifest_Generation = YES;
				INFOPLIST_KEY_UIApplicationSupportsIndirectInputEvents = YES;
				INFOPLIST_KEY_UILaunchScreen_Generation = YES;
				INFOPLIST_KEY_UILaunchStoryboardName = "Launch Screen.storyboard";
				INFOPLIST_KEY_UISupportedInterfaceOrientations_iPad = "UIInterfaceOrientationPortrait UIInterfaceOrientationPortraitUpsideDown UIInterfaceOrientationLandscapeLeft UIInterfaceOrientationLandscapeRight";
				INFOPLIST_KEY_UISupportedInterfaceOrientations_iPhone = "UIInterfaceOrientationPortrait UIInterfaceOrientationLandscapeLeft UIInterfaceOrientationLandscapeRight";
				IPHONEOS_DEPLOYMENT_TARGET = 17.0;
				LD_RUNPATH_SEARCH_PATHS = (
					"$(inherited)",
					"@executable_path/Frameworks",
				);
				MARKETING_VERSION = 1.0;
				PRODUCT_BUNDLE_IDENTIFIER = com.hinaf0224.PositiveWordsCollection;
				PRODUCT_NAME = "$(TARGET_NAME)";
				SUPPORTED_PLATFORMS = "iphoneos iphonesimulator";
				SUPPORTS_MACCATALYST = NO;
				SUPPORTS_MAC_DESIGNED_FOR_IPHONE_IPAD = NO;
				SUPPORTS_XR_DESIGNED_FOR_IPHONE_IPAD = NO;
				SWIFT_EMIT_LOC_STRINGS = YES;
				SWIFT_VERSION = 5.0;
				TARGETED_DEVICE_FAMILY = 1;
			};
			name = Release;
		};
/* End XCBuildConfiguration section */

/* Begin XCConfigurationList section */
		53A655502BF787D200D915B5 /* Build configuration list for PBXProject "PositiveWordsCollection" */ = {
			isa = XCConfigurationList;
			buildConfigurations = (
				53A655612BF787D400D915B5 /* Debug */,
				53A655622BF787D400D915B5 /* Release */,
			);
			defaultConfigurationIsVisible = 0;
			defaultConfigurationName = Release;
		};
		53A655632BF787D400D915B5 /* Build configuration list for PBXNativeTarget "PositiveWordsCollection" */ = {
			isa = XCConfigurationList;
			buildConfigurations = (
				53A655642BF787D400D915B5 /* Debug */,
				53A655652BF787D400D915B5 /* Release */,
			);
			defaultConfigurationIsVisible = 0;
			defaultConfigurationName = Release;
		};
/* End XCConfigurationList section */

/* Begin XCRemoteSwiftPackageReference section */
		535C7F8F2BF8289700BA33D1 /* XCRemoteSwiftPackageReference "GoogleSignIn-iOS" */ = {
			isa = XCRemoteSwiftPackageReference;
			repositoryURL = "https://github.com/google/GoogleSignIn-iOS";
			requirement = {
				kind = upToNextMajorVersion;
				minimumVersion = 7.1.0;
			};
		};
		5361CF7C2BF7B1E900A35948 /* XCRemoteSwiftPackageReference "firebase-ios-sdk" */ = {
			isa = XCRemoteSwiftPackageReference;
			repositoryURL = "https://github.com/firebase/firebase-ios-sdk.git";
			requirement = {
				kind = upToNextMajorVersion;
				minimumVersion = 10.26.0;
			};
		};
/* End XCRemoteSwiftPackageReference section */

/* Begin XCSwiftPackageProductDependency section */
		535C7F902BF8289700BA33D1 /* GoogleSignIn */ = {
			isa = XCSwiftPackageProductDependency;
			package = 535C7F8F2BF8289700BA33D1 /* XCRemoteSwiftPackageReference "GoogleSignIn-iOS" */;
			productName = GoogleSignIn;
		};
		535C7F922BF8289700BA33D1 /* GoogleSignInSwift */ = {
			isa = XCSwiftPackageProductDependency;
			package = 535C7F8F2BF8289700BA33D1 /* XCRemoteSwiftPackageReference "GoogleSignIn-iOS" */;
			productName = GoogleSignInSwift;
		};
		535C7F992BF82FAE00BA33D1 /* FirebaseAuth */ = {
			isa = XCSwiftPackageProductDependency;
			package = 5361CF7C2BF7B1E900A35948 /* XCRemoteSwiftPackageReference "firebase-ios-sdk" */;
			productName = FirebaseAuth;
		};
		5361CF7D2BF7B1E900A35948 /* FirebaseAnalytics */ = {
			isa = XCSwiftPackageProductDependency;
			package = 5361CF7C2BF7B1E900A35948 /* XCRemoteSwiftPackageReference "firebase-ios-sdk" */;
			productName = FirebaseAnalytics;
		};
		5361CF7F2BF7B1E900A35948 /* FirebaseAnalyticsOnDeviceConversion */ = {
			isa = XCSwiftPackageProductDependency;
			package = 5361CF7C2BF7B1E900A35948 /* XCRemoteSwiftPackageReference "firebase-ios-sdk" */;
			productName = FirebaseAnalyticsOnDeviceConversion;
		};
		5361CF812BF7B1E900A35948 /* FirebaseAnalyticsSwift */ = {
			isa = XCSwiftPackageProductDependency;
			package = 5361CF7C2BF7B1E900A35948 /* XCRemoteSwiftPackageReference "firebase-ios-sdk" */;
			productName = FirebaseAnalyticsSwift;
		};
		5361CF832BF7B1E900A35948 /* FirebaseAnalyticsWithoutAdIdSupport */ = {
			isa = XCSwiftPackageProductDependency;
			package = 5361CF7C2BF7B1E900A35948 /* XCRemoteSwiftPackageReference "firebase-ios-sdk" */;
			productName = FirebaseAnalyticsWithoutAdIdSupport;
		};
		5361CF852BF7B1E900A35948 /* FirebaseAppCheck */ = {
			isa = XCSwiftPackageProductDependency;
			package = 5361CF7C2BF7B1E900A35948 /* XCRemoteSwiftPackageReference "firebase-ios-sdk" */;
			productName = FirebaseAppCheck;
		};
		539C802C2C01CEAD0000BD44 /* FirebaseFirestore */ = {
			isa = XCSwiftPackageProductDependency;
			package = 5361CF7C2BF7B1E900A35948 /* XCRemoteSwiftPackageReference "firebase-ios-sdk" */;
			productName = FirebaseFirestore;
		};
		539C80322C01E1350000BD44 /* FirebaseStorage */ = {
			isa = XCSwiftPackageProductDependency;
			package = 5361CF7C2BF7B1E900A35948 /* XCRemoteSwiftPackageReference "firebase-ios-sdk" */;
			productName = FirebaseStorage;
		};
/* End XCSwiftPackageProductDependency section */
	};
	rootObject = 53A6554D2BF787D200D915B5 /* Project object */;
}
